
Microsoft Visual Studio Solution File, Format Version 12.00
# Visual Studio Version 17
VisualStudioVersion = 17.3.32825.248
MinimumVisualStudioVersion = 10.0.40219.1
Project("{FAE04EC0-301F-11D3-BF4B-00C04F79EFBC}") = "PruebaTecnicaMVC", "PruebaTecnicaMVC\PruebaTecnicaMVC.csproj", "{BCC8F1D1-AE87-43AF-BB3F-C30C98F43D06}"
EndProject
Global
	GlobalSection(SolutionConfigurationPlatforms) = preSolution
		Debug|Any CPU = Debug|Any CPU
		Release|Any CPU = Release|Any CPU
	EndGlobalSection
	GlobalSection(ProjectConfigurationPlatforms) = postSolution
		{BCC8F1D1-AE87-43AF-BB3F-C30C98F43D06}.Debug|Any CPU.ActiveCfg = Debug|Any CPU
		{BCC8F1D1-AE87-43AF-BB3F-C30C98F43D06}.Debug|Any CPU.Build.0 = Debug|Any CPU
		{BCC8F1D1-AE87-43AF-BB3F-C30C98F43D06}.Release|Any CPU.ActiveCfg = Release|Any CPU
		{BCC8F1D1-AE87-43AF-BB3F-C30C98F43D06}.Release|Any CPU.Build.0 = Release|Any CPU
	EndGlobalSection
	GlobalSection(SolutionProperties) = preSolution
		HideSolutionNode = FALSE
	EndGlobalSection
	GlobalSection(ExtensibilityGlobals) = postSolution
		SolutionGuid = {6FA92592-0FFE-4FDB-8417-0788921961FE}
	EndGlobalSection
EndGlobal
